
Microsoft Visual Studio Solution File, Format Version 12.00
# Visual Studio Version 16
VisualStudioVersion = 16.0.29001.49
MinimumVisualStudioVersion = 10.0.40219.1
Project("{9A19103F-16F7-4668-BE54-9A1E7A4F7556}") = "Passingwind.UnitOfWork", "UnitOfWork\Passingwind.UnitOfWork.csproj", "{A4B232C7-FF6B-40EA-B77F-7AC7C8E9931A}"
EndProject
Project("{2150E333-8FDC-42A3-9474-1A3956D46DE8}") = "Solution Items", "Solution Items", "{D3FD7F40-9CAD-4A3E-8258-D2BEFD205EDB}"
	ProjectSection(SolutionItems) = preProject
		README.md = README.md
	EndProjectSection
EndProject
Global
	GlobalSection(SolutionConfigurationPlatforms) = preSolution
		Debug|Any CPU = Debug|Any CPU
		Release|Any CPU = Release|Any CPU
	EndGlobalSection
	GlobalSection(ProjectConfigurationPlatforms) = postSolution
		{A4B232C7-FF6B-40EA-B77F-7AC7C8E9931A}.Debug|Any CPU.ActiveCfg = Debug|Any CPU
		{A4B232C7-FF6B-40EA-B77F-7AC7C8E9931A}.Debug|Any CPU.Build.0 = Debug|Any CPU
		{A4B232C7-FF6B-40EA-B77F-7AC7C8E9931A}.Release|Any CPU.ActiveCfg = Release|Any CPU
		{A4B232C7-FF6B-40EA-B77F-7AC7C8E9931A}.Release|Any CPU.Build.0 = Release|Any CPU
	EndGlobalSection
	GlobalSection(SolutionProperties) = preSolution
		HideSolutionNode = FALSE
	EndGlobalSection
	GlobalSection(ExtensibilityGlobals) = postSolution
		SolutionGuid = {342BF2E0-3677-4879-91A5-54C8C91D953A}
	EndGlobalSection
EndGlobal
